
Microsoft Visual Studio Solution File, Format Version 12.00
# Visual Studio 15
VisualStudioVersion = 15.0.27130.2024
MinimumVisualStudioVersion = 10.0.40219.1
Project("{8BC9CEB8-8B4A-11D0-8D11-00A0C91BC942}") = "cclip_server", "cclip_server\cclip_server.vcxproj", "{92292D15-F3DD-4C43-A647-EC62ED67A759}"
EndProject
Global
	GlobalSection(SolutionConfigurationPlatforms) = preSolution
		Debug|x64 = Debug|x64
		Debug|x86 = Debug|x86
		Release|x64 = Release|x64
		Release|x86 = Release|x86
	EndGlobalSection
	GlobalSection(ProjectConfigurationPlatforms) = postSolution
		{92292D15-F3DD-4C43-A647-EC62ED67A759}.Debug|x64.ActiveCfg = Debug|x64
		{92292D15-F3DD-4C43-A647-EC62ED67A759}.Debug|x64.Build.0 = Debug|x64
		{92292D15-F3DD-4C43-A647-EC62ED67A759}.Debug|x86.ActiveCfg = Debug|Win32
		{92292D15-F3DD-4C43-A647-EC62ED67A759}.Debug|x86.Build.0 = Debug|Win32
		{92292D15-F3DD-4C43-A647-EC62ED67A759}.Release|x64.ActiveCfg = Release|x64
		{92292D15-F3DD-4C43-A647-EC62ED67A759}.Release|x64.Build.0 = Release|x64
		{92292D15-F3DD-4C43-A647-EC62ED67A759}.Release|x86.ActiveCfg = Release|Win32
		{92292D15-F3DD-4C43-A647-EC62ED67A759}.Release|x86.Build.0 = Release|Win32
	EndGlobalSection
	GlobalSection(SolutionProperties) = preSolution
		HideSolutionNode = FALSE
	EndGlobalSection
	GlobalSection(ExtensibilityGlobals) = postSolution
		SolutionGuid = {49E46814-46DD-46D9-B0C4-2E1FA23B74B4}
	EndGlobalSection
EndGlobal
